github.com/jsipprell/keyctl v1.0.3 h1:o72tppb3ZhP5B/v9FGUtMqJWx+S1Gs0elQ7AZmiNhsM=
github.com/jsipprell/keyctl v1.0.3/go.mod h1:64s6WpBtruURX3w8W/vhWj1/uh+nOm7vUXSJlK5+KMs=
github.com/keybase/dbus v0.0.0-20220506165403-5aa21ea2c23a h1:K0EAzgzEQHW4Y5lxrmvPMltmlRDzlhLfGmots9EHUTI=
github.com/keybase/dbus v0.0.0-20220506165403-5aa21ea2c23a/go.mod h1:YPNKjjE7Ubp9dTbnWvsP3HT+hYnY6TfXzubYTBeUxc8=
github.com/keybase/go-keychain v0.0.1 h1:way+bWYa6lDppZoZcgMbYsvC7GxljxrskdNInRtuthU=
github.com/keybase/go-keychain v0.0.1/go.mod h1:PdEILRW3i9D8JcdM+FmY6RwkHGnhHxXwkPPMeUgOK1k=
golang.org/x/crypto v0.32.0 h1:euUpcYgM8WcP71gNpTqQCn6rC2t6ULUPiOzfWaXVVfc=
golang.org/x/crypto v0.32.0/go.mod h1:ZnnJkOaASj8g0AjIduWNlq2NRxL0PlBrbKVyZ6V/Ugc=
golang.org/x/crypto v0.45.0 h1:jMBrvKuj23MTlT0bQEOBcAE0mjg8mK9RXFhRH6nyF3Q=
golang.org/x/crypto v0.45.0/go.mod h1:XTGrrkGJve7CYK7J8PEww4aY7gM3qMCElcJQ8n8JdX4=
